
Microsoft Visual Studio Solution File, Format Version 12.00
# Visual Studio Version 16
VisualStudioVersion = 16.0.31321.278
MinimumVisualStudioVersion = 10.0.40219.1
Project("{9A19103F-16F7-4668-BE54-9A1E7A4F7556}") = "CS.Basket.Api", "CS.Basket.Api\CS.Basket.Api.csproj", "{9E69CB2A-93F0-4875-BAC1-64EEE7F1B16B}"
EndProject
Project("{E53339B2-1760-4266-BCC7-CA923CBCF16C}") = "docker-compose", "docker-compose.dcproj", "{3A99CAF0-4265-4A7E-B44C-8688FE6D7AF3}"
EndProject
Project("{9A19103F-16F7-4668-BE54-9A1E7A4F7556}") = "CS.Basket.Api.Test", "CS.Basket.Api.Test\CS.Basket.Api.Test.csproj", "{72509ABE-E25C-4342-B6BF-153C86696D67}"
EndProject
Global
	GlobalSection(SolutionConfigurationPlatforms) = preSolution
		Debug|Any CPU = Debug|Any CPU
		Release|Any CPU = Release|Any CPU
	EndGlobalSection
	GlobalSection(ProjectConfigurationPlatforms) = postSolution
		{9E69CB2A-93F0-4875-BAC1-64EEE7F1B16B}.Debug|Any CPU.ActiveCfg = Debug|Any CPU
		{9E69CB2A-93F0-4875-BAC1-64EEE7F1B16B}.Debug|Any CPU.Build.0 = Debug|Any CPU
		{9E69CB2A-93F0-4875-BAC1-64EEE7F1B16B}.Release|Any CPU.ActiveCfg = Release|Any CPU
		{9E69CB2A-93F0-4875-BAC1-64EEE7F1B16B}.Release|Any CPU.Build.0 = Release|Any CPU
		{3A99CAF0-4265-4A7E-B44C-8688FE6D7AF3}.Debug|Any CPU.ActiveCfg = Debug|Any CPU
		{3A99CAF0-4265-4A7E-B44C-8688FE6D7AF3}.Debug|Any CPU.Build.0 = Debug|Any CPU
		{3A99CAF0-4265-4A7E-B44C-8688FE6D7AF3}.Release|Any CPU.ActiveCfg = Release|Any CPU
		{3A99CAF0-4265-4A7E-B44C-8688FE6D7AF3}.Release|Any CPU.Build.0 = Release|Any CPU
		{72509ABE-E25C-4342-B6BF-153C86696D67}.Debug|Any CPU.ActiveCfg = Debug|Any CPU
		{72509ABE-E25C-4342-B6BF-153C86696D67}.Debug|Any CPU.Build.0 = Debug|Any CPU
		{72509ABE-E25C-4342-B6BF-153C86696D67}.Release|Any CPU.ActiveCfg = Release|Any CPU
		{72509ABE-E25C-4342-B6BF-153C86696D67}.Release|Any CPU.Build.0 = Release|Any CPU
	EndGlobalSection
	GlobalSection(SolutionProperties) = preSolution
		HideSolutionNode = FALSE
	EndGlobalSection
	GlobalSection(ExtensibilityGlobals) = postSolution
		SolutionGuid = {8B5A82B6-DA51-46F8-B20B-51CD8B63F9EA}
	EndGlobalSection
EndGlobal
